
Microsoft Visual Studio Solution File, Format Version 12.00
# Visual Studio 15
VisualStudioVersion = 15.0.27428.2002
MinimumVisualStudioVersion = 10.0.40219.1
Project("{FAE04EC0-301F-11D3-BF4B-00C04F79EFBC}") = "FuzzyMatchingApp", "FuzzyMatchingApp\FuzzyMatchingApp.csproj", "{FA601017-06E0-481E-BC06-2538DEBFD474}"
EndProject
Global
	GlobalSection(SolutionConfigurationPlatforms) = preSolution
		Debug|Any CPU = Debug|Any CPU
		Release|Any CPU = Release|Any CPU
	EndGlobalSection
	GlobalSection(ProjectConfigurationPlatforms) = postSolution
		{FA601017-06E0-481E-BC06-2538DEBFD474}.Debug|Any CPU.ActiveCfg = Debug|Any CPU
		{FA601017-06E0-481E-BC06-2538DEBFD474}.Debug|Any CPU.Build.0 = Debug|Any CPU
		{FA601017-06E0-481E-BC06-2538DEBFD474}.Release|Any CPU.ActiveCfg = Release|Any CPU
		{FA601017-06E0-481E-BC06-2538DEBFD474}.Release|Any CPU.Build.0 = Release|Any CPU
	EndGlobalSection
	GlobalSection(SolutionProperties) = preSolution
		HideSolutionNode = FALSE
	EndGlobalSection
	GlobalSection(ExtensibilityGlobals) = postSolution
		SolutionGuid = {72066D0B-FB4A-44D6-85B2-65B6D5322368}
	EndGlobalSection
EndGlobal
